
Microsoft Visual Studio Solution File, Format Version 12.00
# Visual Studio Version 17
VisualStudioVersion = 17.8.34511.84
MinimumVisualStudioVersion = 10.0.40219.1
Project("{FAE04EC0-301F-11D3-BF4B-00C04F79EFBC}") = "Lab03_Ermino", "Lab03_Ermino\Lab03_Ermino.csproj", "{184C64EB-8E2B-4AC5-94C6-F4E0B5B0798E}"
EndProject
Global
	GlobalSection(SolutionConfigurationPlatforms) = preSolution
		Debug|Any CPU = Debug|Any CPU
		Release|Any CPU = Release|Any CPU
	EndGlobalSection
	GlobalSection(ProjectConfigurationPlatforms) = postSolution
		{184C64EB-8E2B-4AC5-94C6-F4E0B5B0798E}.Debug|Any CPU.ActiveCfg = Debug|Any CPU
		{184C64EB-8E2B-4AC5-94C6-F4E0B5B0798E}.Debug|Any CPU.Build.0 = Debug|Any CPU
		{184C64EB-8E2B-4AC5-94C6-F4E0B5B0798E}.Release|Any CPU.ActiveCfg = Release|Any CPU
		{184C64EB-8E2B-4AC5-94C6-F4E0B5B0798E}.Release|Any CPU.Build.0 = Release|Any CPU
	EndGlobalSection
	GlobalSection(SolutionProperties) = preSolution
		HideSolutionNode = FALSE
	EndGlobalSection
	GlobalSection(ExtensibilityGlobals) = postSolution
		SolutionGuid = {579D7CD7-D5A2-4543-B95E-955F443D7CA5}
	EndGlobalSection
EndGlobal
