
Microsoft Visual Studio Solution File, Format Version 12.00
# Visual Studio Version 17
VisualStudioVersion = 17.6.33829.357
MinimumVisualStudioVersion = 10.0.40219.1
Project("{FAE04EC0-301F-11D3-BF4B-00C04F79EFBC}") = "Lab01_Ermino", "Lab01_Ermino\Lab01_Ermino.csproj", "{BB02663D-34C9-423A-821E-5133D86A1A86}"
EndProject
Global
	GlobalSection(SolutionConfigurationPlatforms) = preSolution
		Debug|Any CPU = Debug|Any CPU
		Release|Any CPU = Release|Any CPU
	EndGlobalSection
	GlobalSection(ProjectConfigurationPlatforms) = postSolution
		{BB02663D-34C9-423A-821E-5133D86A1A86}.Debug|Any CPU.ActiveCfg = Debug|Any CPU
		{BB02663D-34C9-423A-821E-5133D86A1A86}.Debug|Any CPU.Build.0 = Debug|Any CPU
		{BB02663D-34C9-423A-821E-5133D86A1A86}.Release|Any CPU.ActiveCfg = Release|Any CPU
		{BB02663D-34C9-423A-821E-5133D86A1A86}.Release|Any CPU.Build.0 = Release|Any CPU
	EndGlobalSection
	GlobalSection(SolutionProperties) = preSolution
		HideSolutionNode = FALSE
	EndGlobalSection
	GlobalSection(ExtensibilityGlobals) = postSolution
		SolutionGuid = {B8F5CF8E-097E-4E0B-93C7-8C14A5A537E3}
	EndGlobalSection
EndGlobal
