
Microsoft Visual Studio Solution File, Format Version 12.00
# Visual Studio Version 17
VisualStudioVersion = 17.9.34622.214
MinimumVisualStudioVersion = 10.0.40219.1
Project("{FAE04EC0-301F-11D3-BF4B-00C04F79EFBC}") = "Lab07_Ermino", "Lab07_Ermino\Lab07_Ermino.csproj", "{A49A0BEB-9679-446D-B2C7-1DA3C8932B6D}"
EndProject
Global
	GlobalSection(SolutionConfigurationPlatforms) = preSolution
		Debug|Any CPU = Debug|Any CPU
		Release|Any CPU = Release|Any CPU
	EndGlobalSection
	GlobalSection(ProjectConfigurationPlatforms) = postSolution
		{A49A0BEB-9679-446D-B2C7-1DA3C8932B6D}.Debug|Any CPU.ActiveCfg = Debug|Any CPU
		{A49A0BEB-9679-446D-B2C7-1DA3C8932B6D}.Debug|Any CPU.Build.0 = Debug|Any CPU
		{A49A0BEB-9679-446D-B2C7-1DA3C8932B6D}.Release|Any CPU.ActiveCfg = Release|Any CPU
		{A49A0BEB-9679-446D-B2C7-1DA3C8932B6D}.Release|Any CPU.Build.0 = Release|Any CPU
	EndGlobalSection
	GlobalSection(SolutionProperties) = preSolution
		HideSolutionNode = FALSE
	EndGlobalSection
	GlobalSection(ExtensibilityGlobals) = postSolution
		SolutionGuid = {303F31B4-6912-449D-8C4A-3504A9D484BE}
	EndGlobalSection
EndGlobal
